
Microsoft Visual Studio Solution File, Format Version 12.00
# Visual Studio 14
VisualStudioVersion = 14.0.25123.0
MinimumVisualStudioVersion = 10.0.40219.1
Project("{FAE04EC0-301F-11D3-BF4B-00C04F79EFBC}") = "Puptopia.Domain", "Puptopia.Domain\Puptopia.Domain.csproj", "{20FB5F08-AE0F-40C7-8325-3DC3057285CC}"
EndProject
Project("{FAE04EC0-301F-11D3-BF4B-00C04F79EFBC}") = "Puptopia.Test", "Puptopia.Test\Puptopia.Test.csproj", "{458DA72A-055B-40AE-9EE2-7A55E8F30C3D}"
EndProject
Global
	GlobalSection(SolutionConfigurationPlatforms) = preSolution
		Debug|Any CPU = Debug|Any CPU
		Release|Any CPU = Release|Any CPU
	EndGlobalSection
	GlobalSection(ProjectConfigurationPlatforms) = postSolution
		{20FB5F08-AE0F-40C7-8325-3DC3057285CC}.Debug|Any CPU.ActiveCfg = Debug|Any CPU
		{20FB5F08-AE0F-40C7-8325-3DC3057285CC}.Debug|Any CPU.Build.0 = Debug|Any CPU
		{20FB5F08-AE0F-40C7-8325-3DC3057285CC}.Release|Any CPU.ActiveCfg = Release|Any CPU
		{20FB5F08-AE0F-40C7-8325-3DC3057285CC}.Release|Any CPU.Build.0 = Release|Any CPU
		{458DA72A-055B-40AE-9EE2-7A55E8F30C3D}.Debug|Any CPU.ActiveCfg = Debug|Any CPU
		{458DA72A-055B-40AE-9EE2-7A55E8F30C3D}.Debug|Any CPU.Build.0 = Debug|Any CPU
		{458DA72A-055B-40AE-9EE2-7A55E8F30C3D}.Release|Any CPU.ActiveCfg = Release|Any CPU
		{458DA72A-055B-40AE-9EE2-7A55E8F30C3D}.Release|Any CPU.Build.0 = Release|Any CPU
	EndGlobalSection
	GlobalSection(SolutionProperties) = preSolution
		HideSolutionNode = FALSE
	EndGlobalSection
EndGlobal
